
Microsoft Visual Studio Solution File, Format Version 12.00
# Visual Studio Version 17
VisualStudioVersion = 17.0.31912.275
MinimumVisualStudioVersion = 10.0.40219.1
Project("{FAE04EC0-301F-11D3-BF4B-00C04F79EFBC}") = "HelloApp", "HelloApp\HelloApp.csproj", "{FEE37D6A-DDBA-4451-BBE0-97497BCE2762}"
EndProject
Global
	GlobalSection(SolutionConfigurationPlatforms) = preSolution
		Debug|Any CPU = Debug|Any CPU
		Release|Any CPU = Release|Any CPU
	EndGlobalSection
	GlobalSection(ProjectConfigurationPlatforms) = postSolution
		{FEE37D6A-DDBA-4451-BBE0-97497BCE2762}.Debug|Any CPU.ActiveCfg = Debug|Any CPU
		{FEE37D6A-DDBA-4451-BBE0-97497BCE2762}.Debug|Any CPU.Build.0 = Debug|Any CPU
		{FEE37D6A-DDBA-4451-BBE0-97497BCE2762}.Release|Any CPU.ActiveCfg = Release|Any CPU
		{FEE37D6A-DDBA-4451-BBE0-97497BCE2762}.Release|Any CPU.Build.0 = Release|Any CPU
	EndGlobalSection
	GlobalSection(SolutionProperties) = preSolution
		HideSolutionNode = FALSE
	EndGlobalSection
	GlobalSection(ExtensibilityGlobals) = postSolution
		SolutionGuid = {A19169B2-6886-4FD7-B60F-AB5291EF365F}
	EndGlobalSection
EndGlobal
